// !$*UTF8*$!
{
	archiveVersion = 1;
	classes = {
	};
	objectVersion = 55;
	objects = {

/* Begin PBXFileReference section */
		57D5D7BB27DA35AF00A5EF51 /* e1v1 */ = {isa = PBXFileReference; lastKnownFileType = text; path = e1v1; sourceTree = "<group>"; };
		57D5D7BC27DA3FCA00A5EF51 /* e2v1 */ = {isa = PBXFileReference; lastKnownFileType = text; path = e2v1; sourceTree = "<group>"; };
		57D5D7BD27DA454900A5EF51 /* e3v1 */ = {isa = PBXFileReference; lastKnownFileType = text; path = e3v1; sourceTree = "<group>"; };
/* End PBXFileReference section */

/* Begin PBXGroup section */
		57D5D7B427DA357200A5EF51 = {
			isa = PBXGroup;
			children = (
				57D5D7BD27DA454900A5EF51 /* e3v1 */,
				57D5D7BC27DA3FCA00A5EF51 /* e2v1 */,
				57D5D7BB27DA35AF00A5EF51 /* e1v1 */,
			);
			sourceTree = "<group>";
		};
/* End PBXGroup section */

/* Begin PBXProject section */
		57D5D7B527DA357200A5EF51 /* Project object */ = {
			isa = PBXProject;
			attributes = {
				BuildIndependentTargetsInParallel = 1;
				LastUpgradeCheck = 1320;
			};
			buildConfigurationList = 57D5D7B827DA357200A5EF51 /* Build configuration list for PBXProject "Aula 1" */;
			compatibilityVersion = "Xcode 13.0";
			developmentRegion = en;
			hasScannedForEncodings = 0;
			knownRegions = (
				en,
				Base,
			);
			mainGroup = 57D5D7B427DA357200A5EF51;
			projectDirPath = "";
			projectRoot = "";
			targets = (
			);
		};
/* End PBXProject section */

/* Begin XCBuildConfiguration section */
		57D5D7B927DA357200A5EF51 /* Debug */ = {
			isa = XCBuildConfiguration;
			buildSettings = {
			};
			name = Debug;
		};
		57D5D7BA27DA357200A5EF51 /* Release */ = {
			isa = XCBuildConfiguration;
			buildSettings = {
			};
			name = Release;
		};
/* End XCBuildConfiguration section */

/* Begin XCConfigurationList section */
		57D5D7B827DA357200A5EF51 /* Build configuration list for PBXProject "Aula 1" */ = {
			isa = XCConfigurationList;
			buildConfigurations = (
				57D5D7B927DA357200A5EF51 /* Debug */,
				57D5D7BA27DA357200A5EF51 /* Release */,
			);
			defaultConfigurationIsVisible = 0;
			defaultConfigurationName = Release;
		};
/* End XCConfigurationList section */
	};
	rootObject = 57D5D7B527DA357200A5EF51 /* Project object */;
}
